// !$*UTF8*$!
{
	archiveVersion = 1;
	classes = {
	};
	objectVersion = 50;
	objects = {

/* Begin PBXBuildFile section */
		0B2D7F1094F6CDE588E56EB3 /* Pods_ItHappenedUITests.framework in Frameworks */ = {isa = PBXBuildFile; fileRef = 6BF046935383ED412AAB6A5F /* Pods_ItHappenedUITests.framework */; };
		27E4C6F06A612257FC202A9D /* Pods_ItHappened.framework in Frameworks */ = {isa = PBXBuildFile; fileRef = 1ACEFEDFEEE10A9382C7B87D /* Pods_ItHappened.framework */; settings = {ATTRIBUTES = (Required, ); }; };
		70090B3A21B30A8500AECE8C /* Tracking.swift in Sources */ = {isa = PBXBuildFile; fileRef = 70090B3921B30A8500AECE8C /* Tracking.swift */; };
		70090B3C21B30A9700AECE8C /* TrackingTests.swift in Sources */ = {isa = PBXBuildFile; fileRef = 70090B3B21B30A9700AECE8C /* TrackingTests.swift */; };
		7063F28321BAA487005E657D /* TrackingDataSourceProtocol.swift in Sources */ = {isa = PBXBuildFile; fileRef = 7063F28221BAA487005E657D /* TrackingDataSourceProtocol.swift */; };
		7063F28721BAA7F9005E657D /* TrackingDataSource.swift in Sources */ = {isa = PBXBuildFile; fileRef = 7063F28621BAA7F9005E657D /* TrackingDataSource.swift */; };
		7063F28921BAC68F005E657D /* InMemoryRepositoryTests.swift in Sources */ = {isa = PBXBuildFile; fileRef = 7063F28821BAC68F005E657D /* InMemoryRepositoryTests.swift */; };
		7063F28B21BB0DD8005E657D /* TrackingServiceInFactInteractor.swift in Sources */ = {isa = PBXBuildFile; fileRef = 7063F28A21BB0DD8005E657D /* TrackingServiceInFactInteractor.swift */; };
		7063F28F21BB12D9005E657D /* TrackingCustomization.swift in Sources */ = {isa = PBXBuildFile; fileRef = 7063F28E21BB12D9005E657D /* TrackingCustomization.swift */; };
		7063F29121BB25C3005E657D /* Comparison.swift in Sources */ = {isa = PBXBuildFile; fileRef = 7063F29021BB25C3005E657D /* Comparison.swift */; };
		7099AC8121AACA0C005A8E8B /* Event.swift in Sources */ = {isa = PBXBuildFile; fileRef = 7099AC8021AACA0C005A8E8B /* Event.swift */; };
		7099AC8321AACA18005A8E8B /* Rating.swift in Sources */ = {isa = PBXBuildFile; fileRef = 7099AC8221AACA18005A8E8B /* Rating.swift */; };
		7099AC8521AC2C89005A8E8B /* EventTests.swift in Sources */ = {isa = PBXBuildFile; fileRef = 7099AC8421AC2C89005A8E8B /* EventTests.swift */; };
		70B6796A21A1801200C39960 /* AppDelegate.swift in Sources */ = {isa = PBXBuildFile; fileRef = 70B6796921A1801200C39960 /* AppDelegate.swift */; };
		70B6796C21A1801200C39960 /* ViewController.swift in Sources */ = {isa = PBXBuildFile; fileRef = 70B6796B21A1801200C39960 /* ViewController.swift */; };
		70B6796F21A1801200C39960 /* Main.storyboard in Resources */ = {isa = PBXBuildFile; fileRef = 70B6796D21A1801200C39960 /* Main.storyboard */; };
		70B6797121A1801300C39960 /* Assets.xcassets in Resources */ = {isa = PBXBuildFile; fileRef = 70B6797021A1801300C39960 /* Assets.xcassets */; };
		70B6797421A1801300C39960 /* LaunchScreen.storyboard in Resources */ = {isa = PBXBuildFile; fileRef = 70B6797221A1801300C39960 /* LaunchScreen.storyboard */; };
		70B6797F21A1801300C39960 /* ItHappenedTests.swift in Sources */ = {isa = PBXBuildFile; fileRef = 70B6797E21A1801300C39960 /* ItHappenedTests.swift */; };
		70B6798A21A1801300C39960 /* ItHappenedUITests.swift in Sources */ = {isa = PBXBuildFile; fileRef = 70B6798921A1801300C39960 /* ItHappenedUITests.swift */; };
		70BC9CCD2231CE27007DA82C /* inglobali.ttf in Resources */ = {isa = PBXBuildFile; fileRef = 70BC9CC92231CE26007DA82C /* inglobali.ttf */; };
		70BC9CCE2231CE27007DA82C /* inglobalb.ttf in Resources */ = {isa = PBXBuildFile; fileRef = 70BC9CCA2231CE26007DA82C /* inglobalb.ttf */; };
		70BC9CCF2231CE27007DA82C /* inglobalbi.ttf in Resources */ = {isa = PBXBuildFile; fileRef = 70BC9CCB2231CE26007DA82C /* inglobalbi.ttf */; };
		70BC9CD02231CE27007DA82C /* inglobal.ttf in Resources */ = {isa = PBXBuildFile; fileRef = 70BC9CCC2231CE26007DA82C /* inglobal.ttf */; };
		70BC9CD22231DC52007DA82C /* addTracking.swift in Sources */ = {isa = PBXBuildFile; fileRef = 70BC9CD12231DC52007DA82C /* addTracking.swift */; };
		70BC9D152231DFEF007DA82C /* SFUIText-Heavy.woff in Resources */ = {isa = PBXBuildFile; fileRef = 70BC9CD42231DFEF007DA82C /* SFUIText-Heavy.woff */; };
		70BC9D162231DFEF007DA82C /* SFUIText-Bold.eot in Resources */ = {isa = PBXBuildFile; fileRef = 70BC9CD52231DFEF007DA82C /* SFUIText-Bold.eot */; };
		70BC9D172231DFEF007DA82C /* SFUIText-Light.eot in Resources */ = {isa = PBXBuildFile; fileRef = 70BC9CD62231DFEF007DA82C /* SFUIText-Light.eot */; };
		70BC9D182231DFEF007DA82C /* SFUIText-Medium.ttf in Resources */ = {isa = PBXBuildFile; fileRef = 70BC9CD72231DFEF007DA82C /* SFUIText-Medium.ttf */; };
		70BC9D192231DFEF007DA82C /* SFUIText-MediumItalic.woff in Resources */ = {isa = PBXBuildFile; fileRef = 70BC9CD82231DFEF007DA82C /* SFUIText-MediumItalic.woff */; };
		70BC9D1A2231DFEF007DA82C /* SFUIDisplay-Light.eot in Resources */ = {isa = PBXBuildFile; fileRef = 70BC9CD92231DFEF007DA82C /* SFUIDisplay-Light.eot */; };
		70BC9D1B2231DFEF007DA82C /* SFUIDisplay-Semibold.eot in Resources */ = {isa = PBXBuildFile; fileRef = 70BC9CDA2231DFEF007DA82C /* SFUIDisplay-Semibold.eot */; };
		70BC9D1C2231DFEF007DA82C /* SFUIText-Light.woff in Resources */ = {isa = PBXBuildFile; fileRef = 70BC9CDB2231DFEF007DA82C /* SFUIText-Light.woff */; };
		70BC9D1D2231DFEF007DA82C /* SFUIDisplay-Black.woff in Resources */ = {isa = PBXBuildFile; fileRef = 70BC9CDC2231DFEF007DA82C /* SFUIDisplay-Black.woff */; };
		70BC9D1E2231DFEF007DA82C /* SFUIDisplay-Regular.ttf in Resources */ = {isa = PBXBuildFile; fileRef = 70BC9CDD2231DFEF007DA82C /* SFUIDisplay-Regular.ttf */; };
		70BC9D1F2231DFEF007DA82C /* SFUIDisplay-Heavy.ttf in Resources */ = {isa = PBXBuildFile; fileRef = 70BC9CDE2231DFEF007DA82C /* SFUIDisplay-Heavy.ttf */; };
		70BC9D202231DFEF007DA82C /* SFUIText-Regular.ttf in Resources */ = {isa = PBXBuildFile; fileRef = 70BC9CDF2231DFEF007DA82C /* SFUIText-Regular.ttf */; };
		70BC9D212231DFEF007DA82C /* SFUIText-Heavy.ttf in Resources */ = {isa = PBXBuildFile; fileRef = 70BC9CE02231DFEF007DA82C /* SFUIText-Heavy.ttf */; };
		70BC9D222231DFEF007DA82C /* SFUIText-Bold.ttf in Resources */ = {isa = PBXBuildFile; fileRef = 70BC9CE12231DFEF007DA82C /* SFUIText-Bold.ttf */; };
		70BC9D232231DFEF007DA82C /* SFUIDisplay-Light.ttf in Resources */ = {isa = PBXBuildFile; fileRef = 70BC9CE22231DFEF007DA82C /* SFUIDisplay-Light.ttf */; };
		70BC9D242231DFEF007DA82C /* SFUIDisplay-Thin.woff in Resources */ = {isa = PBXBuildFile; fileRef = 70BC9CE32231DFEF007DA82C /* SFUIDisplay-Thin.woff */; };
		70BC9D252231DFEF007DA82C /* SFUIDisplay-Semibold.ttf in Resources */ = {isa = PBXBuildFile; fileRef = 70BC9CE42231DFEF007DA82C /* SFUIDisplay-Semibold.ttf */; };
		70BC9D262231DFEF007DA82C /* SFUIText-Light.ttf in Resources */ = {isa = PBXBuildFile; fileRef = 70BC9CE52231DFEF007DA82C /* SFUIText-Light.ttf */; };
		70BC9D272231DFEF007DA82C /* SFUIText-Italic.woff in Resources */ = {isa = PBXBuildFile; fileRef = 70BC9CE62231DFEF007DA82C /* SFUIText-Italic.woff */; };
		70BC9D282231DFEF007DA82C /* SFUIText-Medium.eot in Resources */ = {isa = PBXBuildFile; fileRef = 70BC9CE72231DFEF007DA82C /* SFUIText-Medium.eot */; };
		70BC9D292231DFEF007DA82C /* SFUIText-Regular.woff in Resources */ = {isa = PBXBuildFile; fileRef = 70BC9CE82231DFEF007DA82C /* SFUIText-Regular.woff */; };
		70BC9D2A2231DFEF007DA82C /* SFUIDisplay-Regular.eot in Resources */ = {isa = PBXBuildFile; fileRef = 70BC9CE92231DFEF007DA82C /* SFUIDisplay-Regular.eot */; };
		70BC9D2B2231DFEF007DA82C /* SFUIText-Regular.eot in Resources */ = {isa = PBXBuildFile; fileRef = 70BC9CEA2231DFEF007DA82C /* SFUIText-Regular.eot */; };
		70BC9D2C2231DFEF007DA82C /* SFUIText-Heavy.eot in Resources */ = {isa = PBXBuildFile; fileRef = 70BC9CEB2231DFEF007DA82C /* SFUIText-Heavy.eot */; };
		70BC9D2D2231DFEF007DA82C /* SFUIDisplay-Heavy.eot in Resources */ = {isa = PBXBuildFile; fileRef = 70BC9CEC2231DFEF007DA82C /* SFUIDisplay-Heavy.eot */; };
		70BC9D2E2231DFEF007DA82C /* SFUIDisplay-Ultralight.woff in Resources */ = {isa = PBXBuildFile; fileRef = 70BC9CED2231DFEF007DA82C /* SFUIDisplay-Ultralight.woff */; };
		70BC9D2F2231DFEF007DA82C /* SFUIText-MediumItalic.eot in Resources */ = {isa = PBXBuildFile; fileRef = 70BC9CEE2231DFEF007DA82C /* SFUIText-MediumItalic.eot */; };
		70BC9D302231DFEF007DA82C /* SFUIText-SemiboldItalic.eot in Resources */ = {isa = PBXBuildFile; fileRef = 70BC9CEF2231DFEF007DA82C /* SFUIText-SemiboldItalic.eot */; };
		70BC9D312231DFEF007DA82C /* SFUIText-Semibold.ttf in Resources */ = {isa = PBXBuildFile; fileRef = 70BC9CF02231DFEF007DA82C /* SFUIText-Semibold.ttf */; };
		70BC9D322231DFEF007DA82C /* SFUIText-HeavyItalic.eot in Resources */ = {isa = PBXBuildFile; fileRef = 70BC9CF12231DFEF007DA82C /* SFUIText-HeavyItalic.eot */; };
		70BC9D332231DFEF007DA82C /* SFUIDisplay-Regular.woff in Resources */ = {isa = PBXBuildFile; fileRef = 70BC9CF22231DFEF007DA82C /* SFUIDisplay-Regular.woff */; };
		70BC9D342231DFEF007DA82C /* SFUIText-LightItalic.eot in Resources */ = {isa = PBXBuildFile; fileRef = 70BC9CF32231DFEF007DA82C /* SFUIText-LightItalic.eot */; };
		70BC9D352231DFEF007DA82C /* SFUIDisplay-Light.woff in Resources */ = {isa = PBXBuildFile; fileRef = 70BC9CF42231DFEF007DA82C /* SFUIDisplay-Light.woff */; };
		70BC9D362231DFEF007DA82C /* SFUIText-BoldItalic.eot in Resources */ = {isa = PBXBuildFile; fileRef = 70BC9CF52231DFEF007DA82C /* SFUIText-BoldItalic.eot */; };
		70BC9D372231DFF0007DA82C /* SFUIText-Italic.eot in Resources */ = {isa = PBXBuildFile; fileRef = 70BC9CF62231DFEF007DA82C /* SFUIText-Italic.eot */; };
		70BC9D382231DFF0007DA82C /* stylesheet.css in Resources */ = {isa = PBXBuildFile; fileRef = 70BC9CF72231DFEF007DA82C /* stylesheet.css */; };
		70BC9D392231DFF0007DA82C /* SFUIDisplay-Ultralight.ttf in Resources */ = {isa = PBXBuildFile; fileRef = 70BC9CF82231DFEF007DA82C /* SFUIDisplay-Ultralight.ttf */; };
		70BC9D3A2231DFF0007DA82C /* SFUIDisplay-Bold.ttf in Resources */ = {isa = PBXBuildFile; fileRef = 70BC9CF92231DFEF007DA82C /* SFUIDisplay-Bold.ttf */; };
		70BC9D3B2231DFF0007DA82C /* SFUIText-HeavyItalic.woff in Resources */ = {isa = PBXBuildFile; fileRef = 70BC9CFA2231DFEF007DA82C /* SFUIText-HeavyItalic.woff */; };
		70BC9D3C2231DFF0007DA82C /* SFUIDisplay-Thin.ttf in Resources */ = {isa = PBXBuildFile; fileRef = 70BC9CFB2231DFEF007DA82C /* SFUIDisplay-Thin.ttf */; };
		70BC9D3D2231DFF0007DA82C /* SFUIText-Medium.woff in Resources */ = {isa = PBXBuildFile; fileRef = 70BC9CFC2231DFEF007DA82C /* SFUIText-Medium.woff */; };
		70BC9D3E2231DFF0007DA82C /* SFUIDisplay-Heavy.woff in Resources */ = {isa = PBXBuildFile; fileRef = 70BC9CFD2231DFEF007DA82C /* SFUIDisplay-Heavy.woff */; };
		70BC9D3F2231DFF0007DA82C /* SFUIText-Semibold.woff in Resources */ = {isa = PBXBuildFile; fileRef = 70BC9CFE2231DFEF007DA82C /* SFUIText-Semibold.woff */; };
		70BC9D402231DFF0007DA82C /* SFUIDisplay-Medium.woff in Resources */ = {isa = PBXBuildFile; fileRef = 70BC9CFF2231DFEF007DA82C /* SFUIDisplay-Medium.woff */; };
		70BC9D412231DFF0007DA82C /* SFUIDisplay-Medium.ttf in Resources */ = {isa = PBXBuildFile; fileRef = 70BC9D002231DFEF007DA82C /* SFUIDisplay-Medium.ttf */; };
		70BC9D422231DFF0007DA82C /* SFUIDisplay-Black.ttf in Resources */ = {isa = PBXBuildFile; fileRef = 70BC9D012231DFEF007DA82C /* SFUIDisplay-Black.ttf */; };
		70BC9D432231DFF0007DA82C /* SFUIText-LightItalic.ttf in Resources */ = {isa = PBXBuildFile; fileRef = 70BC9D022231DFEF007DA82C /* SFUIText-LightItalic.ttf */; };
		70BC9D442231DFF0007DA82C /* SFUIText-BoldItalic.ttf in Resources */ = {isa = PBXBuildFile; fileRef = 70BC9D032231DFEF007DA82C /* SFUIText-BoldItalic.ttf */; };
		70BC9D452231DFF0007DA82C /* SFUIText-Italic.ttf in Resources */ = {isa = PBXBuildFile; fileRef = 70BC9D042231DFEF007DA82C /* SFUIText-Italic.ttf */; };
		70BC9D462231DFF0007DA82C /* SFUIText-MediumItalic.ttf in Resources */ = {isa = PBXBuildFile; fileRef = 70BC9D052231DFEF007DA82C /* SFUIText-MediumItalic.ttf */; };
		70BC9D472231DFF0007DA82C /* SFUIText-Semibold.eot in Resources */ = {isa = PBXBuildFile; fileRef = 70BC9D062231DFEF007DA82C /* SFUIText-Semibold.eot */; };
		70BC9D482231DFF0007DA82C /* SFUIText-SemiboldItalic.ttf in Resources */ = {isa = PBXBuildFile; fileRef = 70BC9D072231DFEF007DA82C /* SFUIText-SemiboldItalic.ttf */; };
		70BC9D492231DFF0007DA82C /* SFUIDisplay-Semibold.woff in Resources */ = {isa = PBXBuildFile; fileRef = 70BC9D082231DFEF007DA82C /* SFUIDisplay-Semibold.woff */; };
		70BC9D4A2231DFF0007DA82C /* SFUIText-BoldItalic.woff in Resources */ = {isa = PBXBuildFile; fileRef = 70BC9D092231DFEF007DA82C /* SFUIText-BoldItalic.woff */; };
		70BC9D4B2231DFF0007DA82C /* SFUIText-HeavyItalic.ttf in Resources */ = {isa = PBXBuildFile; fileRef = 70BC9D0A2231DFEF007DA82C /* SFUIText-HeavyItalic.ttf */; };
		70BC9D4C2231DFF0007DA82C /* SFUIText-SemiboldItalic.woff in Resources */ = {isa = PBXBuildFile; fileRef = 70BC9D0B2231DFEF007DA82C /* SFUIText-SemiboldItalic.woff */; };
		70BC9D4D2231DFF0007DA82C /* demo.html in Resources */ = {isa = PBXBuildFile; fileRef = 70BC9D0C2231DFEF007DA82C /* demo.html */; };
		70BC9D4E2231DFF0007DA82C /* SFUIDisplay-Bold.eot in Resources */ = {isa = PBXBuildFile; fileRef = 70BC9D0D2231DFEF007DA82C /* SFUIDisplay-Bold.eot */; };
		70BC9D4F2231DFF0007DA82C /* SFUIDisplay-Ultralight.eot in Resources */ = {isa = PBXBuildFile; fileRef = 70BC9D0E2231DFEF007DA82C /* SFUIDisplay-Ultralight.eot */; };
		70BC9D502231DFF0007DA82C /* SFUIText-LightItalic.woff in Resources */ = {isa = PBXBuildFile; fileRef = 70BC9D0F2231DFEF007DA82C /* SFUIText-LightItalic.woff */; };
		70BC9D512231DFF0007DA82C /* SFUIText-Bold.woff in Resources */ = {isa = PBXBuildFile; fileRef = 70BC9D102231DFEF007DA82C /* SFUIText-Bold.woff */; };
		70BC9D522231DFF0007DA82C /* SFUIDisplay-Thin.eot in Resources */ = {isa = PBXBuildFile; fileRef = 70BC9D112231DFEF007DA82C /* SFUIDisplay-Thin.eot */; };
		70BC9D532231DFF0007DA82C /* SFUIDisplay-Bold.woff in Resources */ = {isa = PBXBuildFile; fileRef = 70BC9D122231DFEF007DA82C /* SFUIDisplay-Bold.woff */; };
		70BC9D542231DFF0007DA82C /* SFUIDisplay-Medium.eot in Resources */ = {isa = PBXBuildFile; fileRef = 70BC9D132231DFEF007DA82C /* SFUIDisplay-Medium.eot */; };
		70BC9D552231DFF0007DA82C /* SFUIDisplay-Black.eot in Resources */ = {isa = PBXBuildFile; fileRef = 70BC9D142231DFEF007DA82C /* SFUIDisplay-Black.eot */; };
		950CC766ABA55F7CB1939F9E /* Pods_ItHappenedTests.framework in Frameworks */ = {isa = PBXBuildFile; fileRef = 3A874C4FB4055E80C2CA2E5F /* Pods_ItHappenedTests.framework */; };
/* End PBXBuildFile section */

/* Begin PBXContainerItemProxy section */
		70B6797B21A1801300C39960 /* PBXContainerItemProxy */ = {
			isa = PBXContainerItemProxy;
			containerPortal = 70B6795E21A1801200C39960 /* Project object */;
			proxyType = 1;
			remoteGlobalIDString = 70B6796521A1801200C39960;
			remoteInfo = ItHappened;
		};
		70B6798621A1801300C39960 /* PBXContainerItemProxy */ = {
			isa = PBXContainerItemProxy;
			containerPortal = 70B6795E21A1801200C39960 /* Project object */;
			proxyType = 1;
			remoteGlobalIDString = 70B6796521A1801200C39960;
			remoteInfo = ItHappened;
		};
/* End PBXContainerItemProxy section */

/* Begin PBXFileReference section */
		1ACEFEDFEEE10A9382C7B87D /* Pods_ItHappened.framework */ = {isa = PBXFileReference; explicitFileType = wrapper.framework; includeInIndex = 0; path = Pods_ItHappened.framework; sourceTree = BUILT_PRODUCTS_DIR; };
		2A6E570CB71EF9B4CF63AF88 /* Pods-ItHappenedUITests.release.xcconfig */ = {isa = PBXFileReference; includeInIndex = 1; lastKnownFileType = text.xcconfig; name = "Pods-ItHappenedUITests.release.xcconfig"; path = "Pods/Target Support Files/Pods-ItHappenedUITests/Pods-ItHappenedUITests.release.xcconfig"; sourceTree = "<group>"; };
		3A874C4FB4055E80C2CA2E5F /* Pods_ItHappenedTests.framework */ = {isa = PBXFileReference; explicitFileType = wrapper.framework; includeInIndex = 0; path = Pods_ItHappenedTests.framework; sourceTree = BUILT_PRODUCTS_DIR; };
		51473DE853936DCFBD792A08 /* Pods-ItHappened.release.xcconfig */ = {isa = PBXFileReference; includeInIndex = 1; lastKnownFileType = text.xcconfig; name = "Pods-ItHappened.release.xcconfig"; path = "Pods/Target Support Files/Pods-ItHappened/Pods-ItHappened.release.xcconfig"; sourceTree = "<group>"; };
		6BF046935383ED412AAB6A5F /* Pods_ItHappenedUITests.framework */ = {isa = PBXFileReference; explicitFileType = wrapper.framework; includeInIndex = 0; path = Pods_ItHappenedUITests.framework; sourceTree = BUILT_PRODUCTS_DIR; };
		70090B3921B30A8500AECE8C /* Tracking.swift */ = {isa = PBXFileReference; fileEncoding = 4; lastKnownFileType = sourcecode.swift; path = Tracking.swift; sourceTree = "<group>"; };
		70090B3B21B30A9700AECE8C /* TrackingTests.swift */ = {isa = PBXFileReference; fileEncoding = 4; lastKnownFileType = sourcecode.swift; path = TrackingTests.swift; sourceTree = "<group>"; };
		7063F28221BAA487005E657D /* TrackingDataSourceProtocol.swift */ = {isa = PBXFileReference; lastKnownFileType = sourcecode.swift; path = TrackingDataSourceProtocol.swift; sourceTree = "<group>"; };
		7063F28621BAA7F9005E657D /* TrackingDataSource.swift */ = {isa = PBXFileReference; lastKnownFileType = sourcecode.swift; path = TrackingDataSource.swift; sourceTree = "<group>"; };
		7063F28821BAC68F005E657D /* InMemoryRepositoryTests.swift */ = {isa = PBXFileReference; lastKnownFileType = sourcecode.swift; path = InMemoryRepositoryTests.swift; sourceTree = "<group>"; };
		7063F28A21BB0DD8005E657D /* TrackingServiceInFactInteractor.swift */ = {isa = PBXFileReference; lastKnownFileType = sourcecode.swift; path = TrackingServiceInFactInteractor.swift; sourceTree = "<group>"; };
		7063F28E21BB12D9005E657D /* TrackingCustomization.swift */ = {isa = PBXFileReference; lastKnownFileType = sourcecode.swift; path = TrackingCustomization.swift; sourceTree = "<group>"; };
		7063F29021BB25C3005E657D /* Comparison.swift */ = {isa = PBXFileReference; lastKnownFileType = sourcecode.swift; path = Comparison.swift; sourceTree = "<group>"; };
		7099AC8021AACA0C005A8E8B /* Event.swift */ = {isa = PBXFileReference; lastKnownFileType = sourcecode.swift; path = Event.swift; sourceTree = "<group>"; };
		7099AC8221AACA18005A8E8B /* Rating.swift */ = {isa = PBXFileReference; lastKnownFileType = sourcecode.swift; path = Rating.swift; sourceTree = "<group>"; };
		7099AC8421AC2C89005A8E8B /* EventTests.swift */ = {isa = PBXFileReference; lastKnownFileType = sourcecode.swift; path = EventTests.swift; sourceTree = "<group>"; };
		70B6796621A1801200C39960 /* ItHappened.app */ = {isa = PBXFileReference; explicitFileType = wrapper.application; includeInIndex = 0; path = ItHappened.app; sourceTree = BUILT_PRODUCTS_DIR; };
		70B6796921A1801200C39960 /* AppDelegate.swift */ = {isa = PBXFileReference; lastKnownFileType = sourcecode.swift; path = AppDelegate.swift; sourceTree = "<group>"; };
		70B6796B21A1801200C39960 /* ViewController.swift */ = {isa = PBXFileReference; lastKnownFileType = sourcecode.swift; path = ViewController.swift; sourceTree = "<group>"; };
		70B6796E21A1801200C39960 /* Base */ = {isa = PBXFileReference; lastKnownFileType = file.storyboard; name = Base; path = Base.lproj/Main.storyboard; sourceTree = "<group>"; };
		70B6797021A1801300C39960 /* Assets.xcassets */ = {isa = PBXFileReference; lastKnownFileType = folder.assetcatalog; path = Assets.xcassets; sourceTree = "<group>"; };
		70B6797321A1801300C39960 /* Base */ = {isa = PBXFileReference; lastKnownFileType = file.storyboard; name = Base; path = Base.lproj/LaunchScreen.storyboard; sourceTree = "<group>"; };
		70B6797521A1801300C39960 /* Info.plist */ = {isa = PBXFileReference; lastKnownFileType = text.plist.xml; path = Info.plist; sourceTree = "<group>"; };
		70B6797A21A1801300C39960 /* ItHappenedTests.xctest */ = {isa = PBXFileReference; explicitFileType = wrapper.cfbundle; includeInIndex = 0; path = ItHappenedTests.xctest; sourceTree = BUILT_PRODUCTS_DIR; };
		70B6797E21A1801300C39960 /* ItHappenedTests.swift */ = {isa = PBXFileReference; lastKnownFileType = sourcecode.swift; path = ItHappenedTests.swift; sourceTree = "<group>"; };
		70B6798021A1801300C39960 /* Info.plist */ = {isa = PBXFileReference; lastKnownFileType = text.plist.xml; path = Info.plist; sourceTree = "<group>"; };
		70B6798521A1801300C39960 /* ItHappenedUITests.xctest */ = {isa = PBXFileReference; explicitFileType = wrapper.cfbundle; includeInIndex = 0; path = ItHappenedUITests.xctest; sourceTree = BUILT_PRODUCTS_DIR; };
		70B6798921A1801300C39960 /* ItHappenedUITests.swift */ = {isa = PBXFileReference; lastKnownFileType = sourcecode.swift; path = ItHappenedUITests.swift; sourceTree = "<group>"; };
		70B6798B21A1801300C39960 /* Info.plist */ = {isa = PBXFileReference; lastKnownFileType = text.plist.xml; path = Info.plist; sourceTree = "<group>"; };
		70BC9CC92231CE26007DA82C /* inglobali.ttf */ = {isa = PBXFileReference; lastKnownFileType = file; path = inglobali.ttf; sourceTree = "<group>"; };
		70BC9CCA2231CE26007DA82C /* inglobalb.ttf */ = {isa = PBXFileReference; lastKnownFileType = file; path = inglobalb.ttf; sourceTree = "<group>"; };
		70BC9CCB2231CE26007DA82C /* inglobalbi.ttf */ = {isa = PBXFileReference; lastKnownFileType = file; path = inglobalbi.ttf; sourceTree = "<group>"; };
		70BC9CCC2231CE26007DA82C /* inglobal.ttf */ = {isa = PBXFileReference; lastKnownFileType = file; path = inglobal.ttf; sourceTree = "<group>"; };
		70BC9CD12231DC52007DA82C /* addTracking.swift */ = {isa = PBXFileReference; lastKnownFileType = sourcecode.swift; path = addTracking.swift; sourceTree = "<group>"; };
		70BC9CD42231DFEF007DA82C /* SFUIText-Heavy.woff */ = {isa = PBXFileReference; lastKnownFileType = file; path = "SFUIText-Heavy.woff"; sourceTree = "<group>"; };
		70BC9CD52231DFEF007DA82C /* SFUIText-Bold.eot */ = {isa = PBXFileReference; lastKnownFileType = file; path = "SFUIText-Bold.eot"; sourceTree = "<group>"; };
		70BC9CD62231DFEF007DA82C /* SFUIText-Light.eot */ = {isa = PBXFileReference; lastKnownFileType = file; path = "SFUIText-Light.eot"; sourceTree = "<group>"; };
		70BC9CD72231DFEF007DA82C /* SFUIText-Medium.ttf */ = {isa = PBXFileReference; lastKnownFileType = file; path = "SFUIText-Medium.ttf"; sourceTree = "<group>"; };
		70BC9CD82231DFEF007DA82C /* SFUIText-MediumItalic.woff */ = {isa = PBXFileReference; lastKnownFileType = file; path = "SFUIText-MediumItalic.woff"; sourceTree = "<group>"; };
		70BC9CD92231DFEF007DA82C /* SFUIDisplay-Light.eot */ = {isa = PBXFileReference; lastKnownFileType = file; path = "SFUIDisplay-Light.eot"; sourceTree = "<group>"; };
		70BC9CDA2231DFEF007DA82C /* SFUIDisplay-Semibold.eot */ = {isa = PBXFileReference; lastKnownFileType = file; path = "SFUIDisplay-Semibold.eot"; sourceTree = "<group>"; };
		70BC9CDB2231DFEF007DA82C /* SFUIText-Light.woff */ = {isa = PBXFileReference; lastKnownFileType = file; path = "SFUIText-Light.woff"; sourceTree = "<group>"; };
		70BC9CDC2231DFEF007DA82C /* SFUIDisplay-Black.woff */ = {isa = PBXFileReference; lastKnownFileType = file; path = "SFUIDisplay-Black.woff"; sourceTree = "<group>"; };
		70BC9CDD2231DFEF007DA82C /* SFUIDisplay-Regular.ttf */ = {isa = PBXFileReference; lastKnownFileType = file; path = "SFUIDisplay-Regular.ttf"; sourceTree = "<group>"; };
		70BC9CDE2231DFEF007DA82C /* SFUIDisplay-Heavy.ttf */ = {isa = PBXFileReference; lastKnownFileType = file; path = "SFUIDisplay-Heavy.ttf"; sourceTree = "<group>"; };
		70BC9CDF2231DFEF007DA82C /* SFUIText-Regular.ttf */ = {isa = PBXFileReference; lastKnownFileType = file; path = "SFUIText-Regular.ttf"; sourceTree = "<group>"; };
		70BC9CE02231DFEF007DA82C /* SFUIText-Heavy.ttf */ = {isa = PBXFileReference; lastKnownFileType = file; path = "SFUIText-Heavy.ttf"; sourceTree = "<group>"; };
		70BC9CE12231DFEF007DA82C /* SFUIText-Bold.ttf */ = {isa = PBXFileReference; lastKnownFileType = file; path = "SFUIText-Bold.ttf"; sourceTree = "<group>"; };
		70BC9CE22231DFEF007DA82C /* SFUIDisplay-Light.ttf */ = {isa = PBXFileReference; lastKnownFileType = file; path = "SFUIDisplay-Light.ttf"; sourceTree = "<group>"; };
		70BC9CE32231DFEF007DA82C /* SFUIDisplay-Thin.woff */ = {isa = PBXFileReference; lastKnownFileType = file; path = "SFUIDisplay-Thin.woff"; sourceTree = "<group>"; };
		70BC9CE42231DFEF007DA82C /* SFUIDisplay-Semibold.ttf */ = {isa = PBXFileReference; lastKnownFileType = file; path = "SFUIDisplay-Semibold.ttf"; sourceTree = "<group>"; };
		70BC9CE52231DFEF007DA82C /* SFUIText-Light.ttf */ = {isa = PBXFileReference; lastKnownFileType = file; path = "SFUIText-Light.ttf"; sourceTree = "<group>"; };
		70BC9CE62231DFEF007DA82C /* SFUIText-Italic.woff */ = {isa = PBXFileReference; lastKnownFileType = file; path = "SFUIText-Italic.woff"; sourceTree = "<group>"; };
		70BC9CE72231DFEF007DA82C /* SFUIText-Medium.eot */ = {isa = PBXFileReference; lastKnownFileType = file; path = "SFUIText-Medium.eot"; sourceTree = "<group>"; };
		70BC9CE82231DFEF007DA82C /* SFUIText-Regular.woff */ = {isa = PBXFileReference; lastKnownFileType = file; path = "SFUIText-Regular.woff"; sourceTree = "<group>"; };
		70BC9CE92231DFEF007DA82C /* SFUIDisplay-Regular.eot */ = {isa = PBXFileReference; lastKnownFileType = file; path = "SFUIDisplay-Regular.eot"; sourceTree = "<group>"; };
		70BC9CEA2231DFEF007DA82C /* SFUIText-Regular.eot */ = {isa = PBXFileReference; lastKnownFileType = file; path = "SFUIText-Regular.eot"; sourceTree = "<group>"; };
		70BC9CEB2231DFEF007DA82C /* SFUIText-Heavy.eot */ = {isa = PBXFileReference; lastKnownFileType = file; path = "SFUIText-Heavy.eot"; sourceTree = "<group>"; };
		70BC9CEC2231DFEF007DA82C /* SFUIDisplay-Heavy.eot */ = {isa = PBXFileReference; lastKnownFileType = file; path = "SFUIDisplay-Heavy.eot"; sourceTree = "<group>"; };
		70BC9CED2231DFEF007DA82C /* SFUIDisplay-Ultralight.woff */ = {isa = PBXFileReference; lastKnownFileType = file; path = "SFUIDisplay-Ultralight.woff"; sourceTree = "<group>"; };
		70BC9CEE2231DFEF007DA82C /* SFUIText-MediumItalic.eot */ = {isa = PBXFileReference; lastKnownFileType = file; path = "SFUIText-MediumItalic.eot"; sourceTree = "<group>"; };
		70BC9CEF2231DFEF007DA82C /* SFUIText-SemiboldItalic.eot */ = {isa = PBXFileReference; lastKnownFileType = file; path = "SFUIText-SemiboldItalic.eot"; sourceTree = "<group>"; };
		70BC9CF02231DFEF007DA82C /* SFUIText-Semibold.ttf */ = {isa = PBXFileReference; lastKnownFileType = file; path = "SFUIText-Semibold.ttf"; sourceTree = "<group>"; };
		70BC9CF12231DFEF007DA82C /* SFUIText-HeavyItalic.eot */ = {isa = PBXFileReference; lastKnownFileType = file; path = "SFUIText-HeavyItalic.eot"; sourceTree = "<group>"; };
		70BC9CF22231DFEF007DA82C /* SFUIDisplay-Regular.woff */ = {isa = PBXFileReference; lastKnownFileType = file; path = "SFUIDisplay-Regular.woff"; sourceTree = "<group>"; };
		70BC9CF32231DFEF007DA82C /* SFUIText-LightItalic.eot */ = {isa = PBXFileReference; lastKnownFileType = file; path = "SFUIText-LightItalic.eot"; sourceTree = "<group>"; };
		70BC9CF42231DFEF007DA82C /* SFUIDisplay-Light.woff */ = {isa = PBXFileReference; lastKnownFileType = file; path = "SFUIDisplay-Light.woff"; sourceTree = "<group>"; };
		70BC9CF52231DFEF007DA82C /* SFUIText-BoldItalic.eot */ = {isa = PBXFileReference; lastKnownFileType = file; path = "SFUIText-BoldItalic.eot"; sourceTree = "<group>"; };
		70BC9CF62231DFEF007DA82C /* SFUIText-Italic.eot */ = {isa = PBXFileReference; lastKnownFileType = file; path = "SFUIText-Italic.eot"; sourceTree = "<group>"; };
		70BC9CF72231DFEF007DA82C /* stylesheet.css */ = {isa = PBXFileReference; fileEncoding = 4; lastKnownFileType = text.css; path = stylesheet.css; sourceTree = "<group>"; };
		70BC9CF82231DFEF007DA82C /* SFUIDisplay-Ultralight.ttf */ = {isa = PBXFileReference; lastKnownFileType = file; path = "SFUIDisplay-Ultralight.ttf"; sourceTree = "<group>"; };
		70BC9CF92231DFEF007DA82C /* SFUIDisplay-Bold.ttf */ = {isa = PBXFileReference; lastKnownFileType = file; path = "SFUIDisplay-Bold.ttf"; sourceTree = "<group>"; };
		70BC9CFA2231DFEF007DA82C /* SFUIText-HeavyItalic.woff */ = {isa = PBXFileReference; lastKnownFileType = file; path = "SFUIText-HeavyItalic.woff"; sourceTree = "<group>"; };
		70BC9CFB2231DFEF007DA82C /* SFUIDisplay-Thin.ttf */ = {isa = PBXFileReference; lastKnownFileType = file; path = "SFUIDisplay-Thin.ttf"; sourceTree = "<group>"; };
		70BC9CFC2231DFEF007DA82C /* SFUIText-Medium.woff */ = {isa = PBXFileReference; lastKnownFileType = file; path = "SFUIText-Medium.woff"; sourceTree = "<group>"; };
		70BC9CFD2231DFEF007DA82C /* SFUIDisplay-Heavy.woff */ = {isa = PBXFileReference; lastKnownFileType = file; path = "SFUIDisplay-Heavy.woff"; sourceTree = "<group>"; };
		70BC9CFE2231DFEF007DA82C /* SFUIText-Semibold.woff */ = {isa = PBXFileReference; lastKnownFileType = file; path = "SFUIText-Semibold.woff"; sourceTree = "<group>"; };
		70BC9CFF2231DFEF007DA82C /* SFUIDisplay-Medium.woff */ = {isa = PBXFileReference; lastKnownFileType = file; path = "SFUIDisplay-Medium.woff"; sourceTree = "<group>"; };
		70BC9D002231DFEF007DA82C /* SFUIDisplay-Medium.ttf */ = {isa = PBXFileReference; lastKnownFileType = file; path = "SFUIDisplay-Medium.ttf"; sourceTree = "<group>"; };
		70BC9D012231DFEF007DA82C /* SFUIDisplay-Black.ttf */ = {isa = PBXFileReference; lastKnownFileType = file; path = "SFUIDisplay-Black.ttf"; sourceTree = "<group>"; };
		70BC9D022231DFEF007DA82C /* SFUIText-LightItalic.ttf */ = {isa = PBXFileReference; lastKnownFileType = file; path = "SFUIText-LightItalic.ttf"; sourceTree = "<group>"; };
		70BC9D032231DFEF007DA82C /* SFUIText-BoldItalic.ttf */ = {isa = PBXFileReference; lastKnownFileType = file; path = "SFUIText-BoldItalic.ttf"; sourceTree = "<group>"; };
		70BC9D042231DFEF007DA82C /* SFUIText-Italic.ttf */ = {isa = PBXFileReference; lastKnownFileType = file; path = "SFUIText-Italic.ttf"; sourceTree = "<group>"; };
		70BC9D052231DFEF007DA82C /* SFUIText-MediumItalic.ttf */ = {isa = PBXFileReference; lastKnownFileType = file; path = "SFUIText-MediumItalic.ttf"; sourceTree = "<group>"; };
		70BC9D062231DFEF007DA82C /* SFUIText-Semibold.eot */ = {isa = PBXFileReference; lastKnownFileType = file; path = "SFUIText-Semibold.eot"; sourceTree = "<group>"; };
		70BC9D072231DFEF007DA82C /* SFUIText-SemiboldItalic.ttf */ = {isa = PBXFileReference; lastKnownFileType = file; path = "SFUIText-SemiboldItalic.ttf"; sourceTree = "<group>"; };
		70BC9D082231DFEF007DA82C /* SFUIDisplay-Semibold.woff */ = {isa = PBXFileReference; lastKnownFileType = file; path = "SFUIDisplay-Semibold.woff"; sourceTree = "<group>"; };
		70BC9D092231DFEF007DA82C /* SFUIText-BoldItalic.woff */ = {isa = PBXFileReference; lastKnownFileType = file; path = "SFUIText-BoldItalic.woff"; sourceTree = "<group>"; };
		70BC9D0A2231DFEF007DA82C /* SFUIText-HeavyItalic.ttf */ = {isa = PBXFileReference; lastKnownFileType = file; path = "SFUIText-HeavyItalic.ttf"; sourceTree = "<group>"; };
		70BC9D0B2231DFEF007DA82C /* SFUIText-SemiboldItalic.woff */ = {isa = PBXFileReference; lastKnownFileType = file; path = "SFUIText-SemiboldItalic.woff"; sourceTree = "<group>"; };
		70BC9D0C2231DFEF007DA82C /* demo.html */ = {isa = PBXFileReference; fileEncoding = 4; lastKnownFileType = text.html; path = demo.html; sourceTree = "<group>"; };
		70BC9D0D2231DFEF007DA82C /* SFUIDisplay-Bold.eot */ = {isa = PBXFileReference; lastKnownFileType = file; path = "SFUIDisplay-Bold.eot"; sourceTree = "<group>"; };
		70BC9D0E2231DFEF007DA82C /* SFUIDisplay-Ultralight.eot */ = {isa = PBXFileReference; lastKnownFileType = file; path = "SFUIDisplay-Ultralight.eot"; sourceTree = "<group>"; };
		70BC9D0F2231DFEF007DA82C /* SFUIText-LightItalic.woff */ = {isa = PBXFileReference; lastKnownFileType = file; path = "SFUIText-LightItalic.woff"; sourceTree = "<group>"; };
		70BC9D102231DFEF007DA82C /* SFUIText-Bold.woff */ = {isa = PBXFileReference; lastKnownFileType = file; path = "SFUIText-Bold.woff"; sourceTree = "<group>"; };
		70BC9D112231DFEF007DA82C /* SFUIDisplay-Thin.eot */ = {isa = PBXFileReference; lastKnownFileType = file; path = "SFUIDisplay-Thin.eot"; sourceTree = "<group>"; };
		70BC9D122231DFEF007DA82C /* SFUIDisplay-Bold.woff */ = {isa = PBXFileReference; lastKnownFileType = file; path = "SFUIDisplay-Bold.woff"; sourceTree = "<group>"; };
		70BC9D132231DFEF007DA82C /* SFUIDisplay-Medium.eot */ = {isa = PBXFileReference; lastKnownFileType = file; path = "SFUIDisplay-Medium.eot"; sourceTree = "<group>"; };
		70BC9D142231DFEF007DA82C /* SFUIDisplay-Black.eot */ = {isa = PBXFileReference; lastKnownFileType = file; path = "SFUIDisplay-Black.eot"; sourceTree = "<group>"; };
		C0604367008DAA302ADE5E97 /* Pods-ItHappenedUITests.debug.xcconfig */ = {isa = PBXFileReference; includeInIndex = 1; lastKnownFileType = text.xcconfig; name = "Pods-ItHappenedUITests.debug.xcconfig"; path = "Pods/Target Support Files/Pods-ItHappenedUITests/Pods-ItHappenedUITests.debug.xcconfig"; sourceTree = "<group>"; };
		D0311915E699C25EFF05D76C /* Pods-ItHappened.debug.xcconfig */ = {isa = PBXFileReference; includeInIndex = 1; lastKnownFileType = text.xcconfig; name = "Pods-ItHappened.debug.xcconfig"; path = "Pods/Target Support Files/Pods-ItHappened/Pods-ItHappened.debug.xcconfig"; sourceTree = "<group>"; };
		D7AFCA5073F2DA6DB9814BFF /* Pods-ItHappenedTests.debug.xcconfig */ = {isa = PBXFileReference; includeInIndex = 1; lastKnownFileType = text.xcconfig; name = "Pods-ItHappenedTests.debug.xcconfig"; path = "Pods/Target Support Files/Pods-ItHappenedTests/Pods-ItHappenedTests.debug.xcconfig"; sourceTree = "<group>"; };
		F13828A9E2FE0DDB8ADF400B /* Pods-ItHappenedTests.release.xcconfig */ = {isa = PBXFileReference; includeInIndex = 1; lastKnownFileType = text.xcconfig; name = "Pods-ItHappenedTests.release.xcconfig"; path = "Pods/Target Support Files/Pods-ItHappenedTests/Pods-ItHappenedTests.release.xcconfig"; sourceTree = "<group>"; };
/* End PBXFileReference section */

/* Begin PBXFrameworksBuildPhase section */
		70B6796321A1801200C39960 /* Frameworks */ = {
			isa = PBXFrameworksBuildPhase;
			buildActionMask = 2147483647;
			files = (
				27E4C6F06A612257FC202A9D /* Pods_ItHappened.framework in Frameworks */,
			);
			runOnlyForDeploymentPostprocessing = 0;
		};
		70B6797721A1801300C39960 /* Frameworks */ = {
			isa = PBXFrameworksBuildPhase;
			buildActionMask = 2147483647;
			files = (
				950CC766ABA55F7CB1939F9E /* Pods_ItHappenedTests.framework in Frameworks */,
			);
			runOnlyForDeploymentPostprocessing = 0;
		};
		70B6798221A1801300C39960 /* Frameworks */ = {
			isa = PBXFrameworksBuildPhase;
			buildActionMask = 2147483647;
			files = (
				0B2D7F1094F6CDE588E56EB3 /* Pods_ItHappenedUITests.framework in Frameworks */,
			);
			runOnlyForDeploymentPostprocessing = 0;
		};
/* End PBXFrameworksBuildPhase section */

/* Begin PBXGroup section */
		7063F27C21BAA098005E657D /* Common */ = {
			isa = PBXGroup;
			children = (
				7063F27D21BAA0A3005E657D /* Store */,
			);
			path = Common;
			sourceTree = "<group>";
		};
		7063F27D21BAA0A3005E657D /* Store */ = {
			isa = PBXGroup;
			children = (
				7063F28221BAA487005E657D /* TrackingDataSourceProtocol.swift */,
				7063F28621BAA7F9005E657D /* TrackingDataSource.swift */,
			);
			path = Store;
			sourceTree = "<group>";
		};
		7063F28021BAA300005E657D /* Recources */ = {
			isa = PBXGroup;
			children = (
				70BC9CD32231DFEF007DA82C /* SanFrancisco */,
				70BC9CC82231CE26007DA82C /* inglobal */,
				70B6796D21A1801200C39960 /* Main.storyboard */,
				70B6797221A1801300C39960 /* LaunchScreen.storyboard */,
				70B6797021A1801300C39960 /* Assets.xcassets */,
			);
			path = Recources;
			sourceTree = "<group>";
		};
		7063F28121BAA345005E657D /* Settings */ = {
			isa = PBXGroup;
			children = (
				70B6796921A1801200C39960 /* AppDelegate.swift */,
			);
			path = Settings;
			sourceTree = "<group>";
		};
		7099AC7E21AAC9D4005A8E8B /* Domain */ = {
			isa = PBXGroup;
			children = (
				7099AC7F21AAC9E4005A8E8B /* Models */,
			);
			path = Domain;
			sourceTree = "<group>";
		};
		7099AC7F21AAC9E4005A8E8B /* Models */ = {
			isa = PBXGroup;
			children = (
				70090B3921B30A8500AECE8C /* Tracking.swift */,
				7099AC8021AACA0C005A8E8B /* Event.swift */,
				7099AC8221AACA18005A8E8B /* Rating.swift */,
				7063F28E21BB12D9005E657D /* TrackingCustomization.swift */,
				7063F29021BB25C3005E657D /* Comparison.swift */,
			);
			path = Models;
			sourceTree = "<group>";
		};
		70B6795D21A1801200C39960 = {
			isa = PBXGroup;
			children = (
				70B6796821A1801200C39960 /* ItHappened */,
				70B6797D21A1801300C39960 /* ItHappenedTests */,
				70B6798821A1801300C39960 /* ItHappenedUITests */,
				70B6796721A1801200C39960 /* Products */,
				BA73252D6E1E4DEA310B9038 /* Pods */,
				7A62030521C7CB1DCD7F7FFF /* Frameworks */,
			);
			sourceTree = "<group>";
		};
		70B6796721A1801200C39960 /* Products */ = {
			isa = PBXGroup;
			children = (
				70B6796621A1801200C39960 /* ItHappened.app */,
				70B6797A21A1801300C39960 /* ItHappenedTests.xctest */,
				70B6798521A1801300C39960 /* ItHappenedUITests.xctest */,
			);
			name = Products;
			sourceTree = "<group>";
		};
		70B6796821A1801200C39960 /* ItHappened */ = {
			isa = PBXGroup;
			children = (
				7063F28121BAA345005E657D /* Settings */,
				7063F28021BAA300005E657D /* Recources */,
				7063F27C21BAA098005E657D /* Common */,
				7099AC7E21AAC9D4005A8E8B /* Domain */,
				70B6796B21A1801200C39960 /* ViewController.swift */,
				70B6797521A1801300C39960 /* Info.plist */,
				7063F28A21BB0DD8005E657D /* TrackingServiceInFactInteractor.swift */,
				70BC9CD12231DC52007DA82C /* addTracking.swift */,
			);
			path = ItHappened;
			sourceTree = "<group>";
		};
		70B6797D21A1801300C39960 /* ItHappenedTests */ = {
			isa = PBXGroup;
			children = (
				70090B3B21B30A9700AECE8C /* TrackingTests.swift */,
				70B6797E21A1801300C39960 /* ItHappenedTests.swift */,
				70B6798021A1801300C39960 /* Info.plist */,
				7099AC8421AC2C89005A8E8B /* EventTests.swift */,
				7063F28821BAC68F005E657D /* InMemoryRepositoryTests.swift */,
			);
			path = ItHappenedTests;
			sourceTree = "<group>";
		};
		70B6798821A1801300C39960 /* ItHappenedUITests */ = {
			isa = PBXGroup;
			children = (
				70B6798921A1801300C39960 /* ItHappenedUITests.swift */,
				70B6798B21A1801300C39960 /* Info.plist */,
			);
			path = ItHappenedUITests;
			sourceTree = "<group>";
		};
		70BC9CC82231CE26007DA82C /* inglobal */ = {
			isa = PBXGroup;
			children = (
				70BC9CC92231CE26007DA82C /* inglobali.ttf */,
				70BC9CCA2231CE26007DA82C /* inglobalb.ttf */,
				70BC9CCB2231CE26007DA82C /* inglobalbi.ttf */,
				70BC9CCC2231CE26007DA82C /* inglobal.ttf */,
			);
			name = inglobal;
			path = ../../../TestDesignItHappened/CollectionViewAddHeader/Addons/inglobal;
			sourceTree = "<group>";
		};
		70BC9CD32231DFEF007DA82C /* SanFrancisco */ = {
			isa = PBXGroup;
			children = (
				70BC9CD42231DFEF007DA82C /* SFUIText-Heavy.woff */,
				70BC9CD52231DFEF007DA82C /* SFUIText-Bold.eot */,
				70BC9CD62231DFEF007DA82C /* SFUIText-Light.eot */,
				70BC9CD72231DFEF007DA82C /* SFUIText-Medium.ttf */,
				70BC9CD82231DFEF007DA82C /* SFUIText-MediumItalic.woff */,
				70BC9CD92231DFEF007DA82C /* SFUIDisplay-Light.eot */,
				70BC9CDA2231DFEF007DA82C /* SFUIDisplay-Semibold.eot */,
				70BC9CDB2231DFEF007DA82C /* SFUIText-Light.woff */,
				70BC9CDC2231DFEF007DA82C /* SFUIDisplay-Black.woff */,
				70BC9CDD2231DFEF007DA82C /* SFUIDisplay-Regular.ttf */,
				70BC9CDE2231DFEF007DA82C /* SFUIDisplay-Heavy.ttf */,
				70BC9CDF2231DFEF007DA82C /* SFUIText-Regular.ttf */,
				70BC9CE02231DFEF007DA82C /* SFUIText-Heavy.ttf */,
				70BC9CE12231DFEF007DA82C /* SFUIText-Bold.ttf */,
				70BC9CE22231DFEF007DA82C /* SFUIDisplay-Light.ttf */,
				70BC9CE32231DFEF007DA82C /* SFUIDisplay-Thin.woff */,
				70BC9CE42231DFEF007DA82C /* SFUIDisplay-Semibold.ttf */,
				70BC9CE52231DFEF007DA82C /* SFUIText-Light.ttf */,
				70BC9CE62231DFEF007DA82C /* SFUIText-Italic.woff */,
				70BC9CE72231DFEF007DA82C /* SFUIText-Medium.eot */,
				70BC9CE82231DFEF007DA82C /* SFUIText-Regular.woff */,
				70BC9CE92231DFEF007DA82C /* SFUIDisplay-Regular.eot */,
				70BC9CEA2231DFEF007DA82C /* SFUIText-Regular.eot */,
				70BC9CEB2231DFEF007DA82C /* SFUIText-Heavy.eot */,
				70BC9CEC2231DFEF007DA82C /* SFUIDisplay-Heavy.eot */,
				70BC9CED2231DFEF007DA82C /* SFUIDisplay-Ultralight.woff */,
				70BC9CEE2231DFEF007DA82C /* SFUIText-MediumItalic.eot */,
				70BC9CEF2231DFEF007DA82C /* SFUIText-SemiboldItalic.eot */,
				70BC9CF02231DFEF007DA82C /* SFUIText-Semibold.ttf */,
				70BC9CF12231DFEF007DA82C /* SFUIText-HeavyItalic.eot */,
				70BC9CF22231DFEF007DA82C /* SFUIDisplay-Regular.woff */,
				70BC9CF32231DFEF007DA82C /* SFUIText-LightItalic.eot */,
				70BC9CF42231DFEF007DA82C /* SFUIDisplay-Light.woff */,
				70BC9CF52231DFEF007DA82C /* SFUIText-BoldItalic.eot */,
				70BC9CF62231DFEF007DA82C /* SFUIText-Italic.eot */,
				70BC9CF72231DFEF007DA82C /* stylesheet.css */,
				70BC9CF82231DFEF007DA82C /* SFUIDisplay-Ultralight.ttf */,
				70BC9CF92231DFEF007DA82C /* SFUIDisplay-Bold.ttf */,
				70BC9CFA2231DFEF007DA82C /* SFUIText-HeavyItalic.woff */,
				70BC9CFB2231DFEF007DA82C /* SFUIDisplay-Thin.ttf */,
				70BC9CFC2231DFEF007DA82C /* SFUIText-Medium.woff */,
				70BC9CFD2231DFEF007DA82C /* SFUIDisplay-Heavy.woff */,
				70BC9CFE2231DFEF007DA82C /* SFUIText-Semibold.woff */,
				70BC9CFF2231DFEF007DA82C /* SFUIDisplay-Medium.woff */,
				70BC9D002231DFEF007DA82C /* SFUIDisplay-Medium.ttf */,
				70BC9D012231DFEF007DA82C /* SFUIDisplay-Black.ttf */,
				70BC9D022231DFEF007DA82C /* SFUIText-LightItalic.ttf */,
				70BC9D032231DFEF007DA82C /* SFUIText-BoldItalic.ttf */,
				70BC9D042231DFEF007DA82C /* SFUIText-Italic.ttf */,
				70BC9D052231DFEF007DA82C /* SFUIText-MediumItalic.ttf */,
				70BC9D062231DFEF007DA82C /* SFUIText-Semibold.eot */,
				70BC9D072231DFEF007DA82C /* SFUIText-SemiboldItalic.ttf */,
				70BC9D082231DFEF007DA82C /* SFUIDisplay-Semibold.woff */,
				70BC9D092231DFEF007DA82C /* SFUIText-BoldItalic.woff */,
				70BC9D0A2231DFEF007DA82C /* SFUIText-HeavyItalic.ttf */,
				70BC9D0B2231DFEF007DA82C /* SFUIText-SemiboldItalic.woff */,
				70BC9D0C2231DFEF007DA82C /* demo.html */,
				70BC9D0D2231DFEF007DA82C /* SFUIDisplay-Bold.eot */,
				70BC9D0E2231DFEF007DA82C /* SFUIDisplay-Ultralight.eot */,
				70BC9D0F2231DFEF007DA82C /* SFUIText-LightItalic.woff */,
				70BC9D102231DFEF007DA82C /* SFUIText-Bold.woff */,
				70BC9D112231DFEF007DA82C /* SFUIDisplay-Thin.eot */,
				70BC9D122231DFEF007DA82C /* SFUIDisplay-Bold.woff */,
				70BC9D132231DFEF007DA82C /* SFUIDisplay-Medium.eot */,
				70BC9D142231DFEF007DA82C /* SFUIDisplay-Black.eot */,
			);
			name = SanFrancisco;
			path = ../../../../Downloads/SanFrancisco;
			sourceTree = "<group>";
		};
		7A62030521C7CB1DCD7F7FFF /* Frameworks */ = {
			isa = PBXGroup;
			children = (
				1ACEFEDFEEE10A9382C7B87D /* Pods_ItHappened.framework */,
				3A874C4FB4055E80C2CA2E5F /* Pods_ItHappenedTests.framework */,
				6BF046935383ED412AAB6A5F /* Pods_ItHappenedUITests.framework */,
			);
			name = Frameworks;
			sourceTree = "<group>";
		};
		BA73252D6E1E4DEA310B9038 /* Pods */ = {
			isa = PBXGroup;
			children = (
				D0311915E699C25EFF05D76C /* Pods-ItHappened.debug.xcconfig */,
				51473DE853936DCFBD792A08 /* Pods-ItHappened.release.xcconfig */,
				D7AFCA5073F2DA6DB9814BFF /* Pods-ItHappenedTests.debug.xcconfig */,
				F13828A9E2FE0DDB8ADF400B /* Pods-ItHappenedTests.release.xcconfig */,
				C0604367008DAA302ADE5E97 /* Pods-ItHappenedUITests.debug.xcconfig */,
				2A6E570CB71EF9B4CF63AF88 /* Pods-ItHappenedUITests.release.xcconfig */,
			);
			name = Pods;
			sourceTree = "<group>";
		};
/* End PBXGroup section */

/* Begin PBXNativeTarget section */
		70B6796521A1801200C39960 /* ItHappened */ = {
			isa = PBXNativeTarget;
			buildConfigurationList = 70B6798E21A1801300C39960 /* Build configuration list for PBXNativeTarget "ItHappened" */;
			buildPhases = (
				D3C9BB4D2FCB65766F535680 /* [CP] Check Pods Manifest.lock */,
				70B6796221A1801200C39960 /* Sources */,
				70B6796321A1801200C39960 /* Frameworks */,
				70B6796421A1801200C39960 /* Resources */,
			);
			buildRules = (
			);
			dependencies = (
			);
			name = ItHappened;
			productName = ItHappened;
			productReference = 70B6796621A1801200C39960 /* ItHappened.app */;
			productType = "com.apple.product-type.application";
		};
		70B6797921A1801300C39960 /* ItHappenedTests */ = {
			isa = PBXNativeTarget;
			buildConfigurationList = 70B6799121A1801300C39960 /* Build configuration list for PBXNativeTarget "ItHappenedTests" */;
			buildPhases = (
				81B9A645B0EEA3F9FBD02670 /* [CP] Check Pods Manifest.lock */,
				70B6797621A1801300C39960 /* Sources */,
				70B6797721A1801300C39960 /* Frameworks */,
				70B6797821A1801300C39960 /* Resources */,
			);
			buildRules = (
			);
			dependencies = (
				70B6797C21A1801300C39960 /* PBXTargetDependency */,
			);
			name = ItHappenedTests;
			productName = ItHappenedTests;
			productReference = 70B6797A21A1801300C39960 /* ItHappenedTests.xctest */;
			productType = "com.apple.product-type.bundle.unit-test";
		};
		70B6798421A1801300C39960 /* ItHappenedUITests */ = {
			isa = PBXNativeTarget;
			buildConfigurationList = 70B6799421A1801300C39960 /* Build configuration list for PBXNativeTarget "ItHappenedUITests" */;
			buildPhases = (
				E26F257786278981126880F9 /* [CP] Check Pods Manifest.lock */,
				70B6798121A1801300C39960 /* Sources */,
				70B6798221A1801300C39960 /* Frameworks */,
				70B6798321A1801300C39960 /* Resources */,
			);
			buildRules = (
			);
			dependencies = (
				70B6798721A1801300C39960 /* PBXTargetDependency */,
			);
			name = ItHappenedUITests;
			productName = ItHappenedUITests;
			productReference = 70B6798521A1801300C39960 /* ItHappenedUITests.xctest */;
			productType = "com.apple.product-type.bundle.ui-testing";
		};
/* End PBXNativeTarget section */

/* Begin PBXProject section */
		70B6795E21A1801200C39960 /* Project object */ = {
			isa = PBXProject;
			attributes = {
				LastSwiftUpdateCheck = 1010;
				LastUpgradeCheck = 1010;
				ORGANIZATIONNAME = com.example.LoD;
				TargetAttributes = {
					70B6796521A1801200C39960 = {
						CreatedOnToolsVersion = 10.1;
					};
					70B6797921A1801300C39960 = {
						CreatedOnToolsVersion = 10.1;
						TestTargetID = 70B6796521A1801200C39960;
					};
					70B6798421A1801300C39960 = {
						CreatedOnToolsVersion = 10.1;
						TestTargetID = 70B6796521A1801200C39960;
					};
				};
			};
			buildConfigurationList = 70B6796121A1801200C39960 /* Build configuration list for PBXProject "ItHappened" */;
			compatibilityVersion = "Xcode 9.3";
			developmentRegion = en;
			hasScannedForEncodings = 0;
			knownRegions = (
				en,
				Base,
			);
			mainGroup = 70B6795D21A1801200C39960;
			productRefGroup = 70B6796721A1801200C39960 /* Products */;
			projectDirPath = "";
			projectRoot = "";
			targets = (
				70B6796521A1801200C39960 /* ItHappened */,
				70B6797921A1801300C39960 /* ItHappenedTests */,
				70B6798421A1801300C39960 /* ItHappenedUITests */,
			);
		};
/* End PBXProject section */

/* Begin PBXResourcesBuildPhase section */
		70B6796421A1801200C39960 /* Resources */ = {
			isa = PBXResourcesBuildPhase;
			buildActionMask = 2147483647;
			files = (
				70BC9D532231DFF0007DA82C /* SFUIDisplay-Bold.woff in Resources */,
				70BC9D392231DFF0007DA82C /* SFUIDisplay-Ultralight.ttf in Resources */,
				70BC9CCE2231CE27007DA82C /* inglobalb.ttf in Resources */,
				70BC9D4B2231DFF0007DA82C /* SFUIText-HeavyItalic.ttf in Resources */,
				70BC9D312231DFEF007DA82C /* SFUIText-Semibold.ttf in Resources */,
				70BC9D232231DFEF007DA82C /* SFUIDisplay-Light.ttf in Resources */,
				70BC9D2D2231DFEF007DA82C /* SFUIDisplay-Heavy.eot in Resources */,
				70BC9D2F2231DFEF007DA82C /* SFUIText-MediumItalic.eot in Resources */,
				70BC9D152231DFEF007DA82C /* SFUIText-Heavy.woff in Resources */,
				70BC9D2E2231DFEF007DA82C /* SFUIDisplay-Ultralight.woff in Resources */,
				70BC9D522231DFF0007DA82C /* SFUIDisplay-Thin.eot in Resources */,
				70BC9D272231DFEF007DA82C /* SFUIText-Italic.woff in Resources */,
				70BC9D182231DFEF007DA82C /* SFUIText-Medium.ttf in Resources */,
				70BC9D1A2231DFEF007DA82C /* SFUIDisplay-Light.eot in Resources */,
				70BC9D472231DFF0007DA82C /* SFUIText-Semibold.eot in Resources */,
				70BC9D322231DFEF007DA82C /* SFUIText-HeavyItalic.eot in Resources */,
				70BC9D302231DFEF007DA82C /* SFUIText-SemiboldItalic.eot in Resources */,
				70BC9D492231DFF0007DA82C /* SFUIDisplay-Semibold.woff in Resources */,
				70BC9D412231DFF0007DA82C /* SFUIDisplay-Medium.ttf in Resources */,
				70BC9D4D2231DFF0007DA82C /* demo.html in Resources */,
				70BC9D212231DFEF007DA82C /* SFUIText-Heavy.ttf in Resources */,
				70BC9D342231DFEF007DA82C /* SFUIText-LightItalic.eot in Resources */,
				70B6797421A1801300C39960 /* LaunchScreen.storyboard in Resources */,
				70B6797121A1801300C39960 /* Assets.xcassets in Resources */,
				70BC9D382231DFF0007DA82C /* stylesheet.css in Resources */,
				70BC9CCF2231CE27007DA82C /* inglobalbi.ttf in Resources */,
				70BC9D402231DFF0007DA82C /* SFUIDisplay-Medium.woff in Resources */,
				70BC9D172231DFEF007DA82C /* SFUIText-Light.eot in Resources */,
				70BC9D3A2231DFF0007DA82C /* SFUIDisplay-Bold.ttf in Resources */,
				70BC9D262231DFEF007DA82C /* SFUIText-Light.ttf in Resources */,
				70BC9D202231DFEF007DA82C /* SFUIText-Regular.ttf in Resources */,
				70BC9D1C2231DFEF007DA82C /* SFUIText-Light.woff in Resources */,
				70BC9D162231DFEF007DA82C /* SFUIText-Bold.eot in Resources */,
				70BC9D3B2231DFF0007DA82C /* SFUIText-HeavyItalic.woff in Resources */,
				70BC9D252231DFEF007DA82C /* SFUIDisplay-Semibold.ttf in Resources */,
				70BC9D2A2231DFEF007DA82C /* SFUIDisplay-Regular.eot in Resources */,
				70BC9D352231DFEF007DA82C /* SFUIDisplay-Light.woff in Resources */,
				70BC9CCD2231CE27007DA82C /* inglobali.ttf in Resources */,
				70BC9CD02231CE27007DA82C /* inglobal.ttf in Resources */,
				70BC9D222231DFEF007DA82C /* SFUIText-Bold.ttf in Resources */,
				70BC9D3F2231DFF0007DA82C /* SFUIText-Semibold.woff in Resources */,
				70BC9D432231DFF0007DA82C /* SFUIText-LightItalic.ttf in Resources */,
				70BC9D372231DFF0007DA82C /* SFUIText-Italic.eot in Resources */,
				70BC9D442231DFF0007DA82C /* SFUIText-BoldItalic.ttf in Resources */,
				70BC9D452231DFF0007DA82C /* SFUIText-Italic.ttf in Resources */,
				70BC9D192231DFEF007DA82C /* SFUIText-MediumItalic.woff in Resources */,
				70BC9D1D2231DFEF007DA82C /* SFUIDisplay-Black.woff in Resources */,
				70BC9D2C2231DFEF007DA82C /* SFUIText-Heavy.eot in Resources */,
				70BC9D482231DFF0007DA82C /* SFUIText-SemiboldItalic.ttf in Resources */,
				70BC9D3E2231DFF0007DA82C /* SFUIDisplay-Heavy.woff in Resources */,
				70BC9D512231DFF0007DA82C /* SFUIText-Bold.woff in Resources */,
				70BC9D4F2231DFF0007DA82C /* SFUIDisplay-Ultralight.eot in Resources */,
				70BC9D4E2231DFF0007DA82C /* SFUIDisplay-Bold.eot in Resources */,
				70BC9D502231DFF0007DA82C /* SFUIText-LightItalic.woff in Resources */,
				70BC9D362231DFEF007DA82C /* SFUIText-BoldItalic.eot in Resources */,
				70B6796F21A1801200C39960 /* Main.storyboard in Resources */,
				70BC9D1B2231DFEF007DA82C /* SFUIDisplay-Semibold.eot in Resources */,
				70BC9D1F2231DFEF007DA82C /* SFUIDisplay-Heavy.ttf in Resources */,
				70BC9D552231DFF0007DA82C /* SFUIDisplay-Black.eot in Resources */,
				70BC9D292231DFEF007DA82C /* SFUIText-Regular.woff in Resources */,
				70BC9D462231DFF0007DA82C /* SFUIText-MediumItalic.ttf in Resources */,
				70BC9D1E2231DFEF007DA82C /* SFUIDisplay-Regular.ttf in Resources */,
				70BC9D3C2231DFF0007DA82C /* SFUIDisplay-Thin.ttf in Resources */,
				70BC9D332231DFEF007DA82C /* SFUIDisplay-Regular.woff in Resources */,
				70BC9D282231DFEF007DA82C /* SFUIText-Medium.eot in Resources */,
				70BC9D242231DFEF007DA82C /* SFUIDisplay-Thin.woff in Resources */,
				70BC9D3D2231DFF0007DA82C /* SFUIText-Medium.woff in Resources */,
				70BC9D422231DFF0007DA82C /* SFUIDisplay-Black.ttf in Resources */,
				70BC9D542231DFF0007DA82C /* SFUIDisplay-Medium.eot in Resources */,
				70BC9D4C2231DFF0007DA82C /* SFUIText-SemiboldItalic.woff in Resources */,
				70BC9D4A2231DFF0007DA82C /* SFUIText-BoldItalic.woff in Resources */,
				70BC9D2B2231DFEF007DA82C /* SFUIText-Regular.eot in Resources */,
			);
			runOnlyForDeploymentPostprocessing = 0;
		};
		70B6797821A1801300C39960 /* Resources */ = {
			isa = PBXResourcesBuildPhase;
			buildActionMask = 2147483647;
			files = (
			);
			runOnlyForDeploymentPostprocessing = 0;
		};
		70B6798321A1801300C39960 /* Resources */ = {
			isa = PBXResourcesBuildPhase;
			buildActionMask = 2147483647;
			files = (
			);
			runOnlyForDeploymentPostprocessing = 0;
		};
/* End PBXResourcesBuildPhase section */

/* Begin PBXShellScriptBuildPhase section */
		81B9A645B0EEA3F9FBD02670 /* [CP] Check Pods Manifest.lock */ = {
			isa = PBXShellScriptBuildPhase;
			buildActionMask = 2147483647;
			files = (
			);
			inputFileListPaths = (
			);
			inputPaths = (
				"${PODS_PODFILE_DIR_PATH}/Podfile.lock",
				"${PODS_ROOT}/Manifest.lock",
			);
			name = "[CP] Check Pods Manifest.lock";
			outputFileListPaths = (
			);
			outputPaths = (
				"$(DERIVED_FILE_DIR)/Pods-ItHappenedTests-checkManifestLockResult.txt",
			);
			runOnlyForDeploymentPostprocessing = 0;
			shellPath = /bin/sh;
			shellScript = "diff \"${PODS_PODFILE_DIR_PATH}/Podfile.lock\" \"${PODS_ROOT}/Manifest.lock\" > /dev/null\nif [ $? != 0 ] ; then\n    # print error to STDERR\n    echo \"error: The sandbox is not in sync with the Podfile.lock. Run 'pod install' or update your CocoaPods installation.\" >&2\n    exit 1\nfi\n# This output is used by Xcode 'outputs' to avoid re-running this script phase.\necho \"SUCCESS\" > \"${SCRIPT_OUTPUT_FILE_0}\"\n";
			showEnvVarsInLog = 0;
		};
		D3C9BB4D2FCB65766F535680 /* [CP] Check Pods Manifest.lock */ = {
			isa = PBXShellScriptBuildPhase;
			buildActionMask = 2147483647;
			files = (
			);
			inputFileListPaths = (
			);
			inputPaths = (
				"${PODS_PODFILE_DIR_PATH}/Podfile.lock",
				"${PODS_ROOT}/Manifest.lock",
			);
			name = "[CP] Check Pods Manifest.lock";
			outputFileListPaths = (
			);
			outputPaths = (
				"$(DERIVED_FILE_DIR)/Pods-ItHappened-checkManifestLockResult.txt",
			);
			runOnlyForDeploymentPostprocessing = 0;
			shellPath = /bin/sh;
			shellScript = "diff \"${PODS_PODFILE_DIR_PATH}/Podfile.lock\" \"${PODS_ROOT}/Manifest.lock\" > /dev/null\nif [ $? != 0 ] ; then\n    # print error to STDERR\n    echo \"error: The sandbox is not in sync with the Podfile.lock. Run 'pod install' or update your CocoaPods installation.\" >&2\n    exit 1\nfi\n# This output is used by Xcode 'outputs' to avoid re-running this script phase.\necho \"SUCCESS\" > \"${SCRIPT_OUTPUT_FILE_0}\"\n";
			showEnvVarsInLog = 0;
		};
		E26F257786278981126880F9 /* [CP] Check Pods Manifest.lock */ = {
			isa = PBXShellScriptBuildPhase;
			buildActionMask = 2147483647;
			files = (
			);
			inputFileListPaths = (
			);
			inputPaths = (
				"${PODS_PODFILE_DIR_PATH}/Podfile.lock",
				"${PODS_ROOT}/Manifest.lock",
			);
			name = "[CP] Check Pods Manifest.lock";
			outputFileListPaths = (
			);
			outputPaths = (
				"$(DERIVED_FILE_DIR)/Pods-ItHappenedUITests-checkManifestLockResult.txt",
			);
			runOnlyForDeploymentPostprocessing = 0;
			shellPath = /bin/sh;
			shellScript = "diff \"${PODS_PODFILE_DIR_PATH}/Podfile.lock\" \"${PODS_ROOT}/Manifest.lock\" > /dev/null\nif [ $? != 0 ] ; then\n    # print error to STDERR\n    echo \"error: The sandbox is not in sync with the Podfile.lock. Run 'pod install' or update your CocoaPods installation.\" >&2\n    exit 1\nfi\n# This output is used by Xcode 'outputs' to avoid re-running this script phase.\necho \"SUCCESS\" > \"${SCRIPT_OUTPUT_FILE_0}\"\n";
			showEnvVarsInLog = 0;
		};
/* End PBXShellScriptBuildPhase section */

/* Begin PBXSourcesBuildPhase section */
		70B6796221A1801200C39960 /* Sources */ = {
			isa = PBXSourcesBuildPhase;
			buildActionMask = 2147483647;
			files = (
				70090B3A21B30A8500AECE8C /* Tracking.swift in Sources */,
				7063F28721BAA7F9005E657D /* TrackingDataSource.swift in Sources */,
				7099AC8321AACA18005A8E8B /* Rating.swift in Sources */,
				70BC9CD22231DC52007DA82C /* addTracking.swift in Sources */,
				7063F28B21BB0DD8005E657D /* TrackingServiceInFactInteractor.swift in Sources */,
				70B6796C21A1801200C39960 /* ViewController.swift in Sources */,
				7063F28321BAA487005E657D /* TrackingDataSourceProtocol.swift in Sources */,
				7063F29121BB25C3005E657D /* Comparison.swift in Sources */,
				7063F28F21BB12D9005E657D /* TrackingCustomization.swift in Sources */,
				7099AC8121AACA0C005A8E8B /* Event.swift in Sources */,
				70B6796A21A1801200C39960 /* AppDelegate.swift in Sources */,
			);
			runOnlyForDeploymentPostprocessing = 0;
		};
		70B6797621A1801300C39960 /* Sources */ = {
			isa = PBXSourcesBuildPhase;
			buildActionMask = 2147483647;
			files = (
				7099AC8521AC2C89005A8E8B /* EventTests.swift in Sources */,
				70090B3C21B30A9700AECE8C /* TrackingTests.swift in Sources */,
				70B6797F21A1801300C39960 /* ItHappenedTests.swift in Sources */,
				7063F28921BAC68F005E657D /* InMemoryRepositoryTests.swift in Sources */,
			);
			runOnlyForDeploymentPostprocessing = 0;
		};
		70B6798121A1801300C39960 /* Sources */ = {
			isa = PBXSourcesBuildPhase;
			buildActionMask = 2147483647;
			files = (
				70B6798A21A1801300C39960 /* ItHappenedUITests.swift in Sources */,
			);
			runOnlyForDeploymentPostprocessing = 0;
		};
/* End PBXSourcesBuildPhase section */

/* Begin PBXTargetDependency section */
		70B6797C21A1801300C39960 /* PBXTargetDependency */ = {
			isa = PBXTargetDependency;
			target = 70B6796521A1801200C39960 /* ItHappened */;
			targetProxy = 70B6797B21A1801300C39960 /* PBXContainerItemProxy */;
		};
		70B6798721A1801300C39960 /* PBXTargetDependency */ = {
			isa = PBXTargetDependency;
			target = 70B6796521A1801200C39960 /* ItHappened */;
			targetProxy = 70B6798621A1801300C39960 /* PBXContainerItemProxy */;
		};
/* End PBXTargetDependency section */

/* Begin PBXVariantGroup section */
		70B6796D21A1801200C39960 /* Main.storyboard */ = {
			isa = PBXVariantGroup;
			children = (
				70B6796E21A1801200C39960 /* Base */,
			);
			name = Main.storyboard;
			sourceTree = "<group>";
		};
		70B6797221A1801300C39960 /* LaunchScreen.storyboard */ = {
			isa = PBXVariantGroup;
			children = (
				70B6797321A1801300C39960 /* Base */,
			);
			name = LaunchScreen.storyboard;
			sourceTree = "<group>";
		};
/* End PBXVariantGroup section */

/* Begin XCBuildConfiguration section */
		70B6798C21A1801300C39960 /* Debug */ = {
			isa = XCBuildConfiguration;
			buildSettings = {
				ALWAYS_SEARCH_USER_PATHS = NO;
				CLANG_ANALYZER_NONNULL = YES;
				CLANG_ANALYZER_NUMBER_OBJECT_CONVERSION = YES_AGGRESSIVE;
				CLANG_CXX_LANGUAGE_STANDARD = "gnu++14";
				CLANG_CXX_LIBRARY = "libc++";
				CLANG_ENABLE_MODULES = YES;
				CLANG_ENABLE_OBJC_ARC = YES;
				CLANG_ENABLE_OBJC_WEAK = YES;
				CLANG_WARN_BLOCK_CAPTURE_AUTORELEASING = YES;
				CLANG_WARN_BOOL_CONVERSION = YES;
				CLANG_WARN_COMMA = YES;
				CLANG_WARN_CONSTANT_CONVERSION = YES;
				CLANG_WARN_DEPRECATED_OBJC_IMPLEMENTATIONS = YES;
				CLANG_WARN_DIRECT_OBJC_ISA_USAGE = YES_ERROR;
				CLANG_WARN_DOCUMENTATION_COMMENTS = YES;
				CLANG_WARN_EMPTY_BODY = YES;
				CLANG_WARN_ENUM_CONVERSION = YES;
				CLANG_WARN_INFINITE_RECURSION = YES;
				CLANG_WARN_INT_CONVERSION = YES;
				CLANG_WARN_NON_LITERAL_NULL_CONVERSION = YES;
				CLANG_WARN_OBJC_IMPLICIT_RETAIN_SELF = YES;
				CLANG_WARN_OBJC_LITERAL_CONVERSION = YES;
				CLANG_WARN_OBJC_ROOT_CLASS = YES_ERROR;
				CLANG_WARN_RANGE_LOOP_ANALYSIS = YES;
				CLANG_WARN_STRICT_PROTOTYPES = YES;
				CLANG_WARN_SUSPICIOUS_MOVE = YES;
				CLANG_WARN_UNGUARDED_AVAILABILITY = YES_AGGRESSIVE;
				CLANG_WARN_UNREACHABLE_CODE = YES;
				CLANG_WARN__DUPLICATE_METHOD_MATCH = YES;
				CODE_SIGN_IDENTITY = "iPhone Developer";
				COPY_PHASE_STRIP = NO;
				DEBUG_INFORMATION_FORMAT = dwarf;
				ENABLE_STRICT_OBJC_MSGSEND = YES;
				ENABLE_TESTABILITY = YES;
				GCC_C_LANGUAGE_STANDARD = gnu11;
				GCC_DYNAMIC_NO_PIC = NO;
				GCC_NO_COMMON_BLOCKS = YES;
				GCC_OPTIMIZATION_LEVEL = 0;
				GCC_PREPROCESSOR_DEFINITIONS = (
					"DEBUG=1",
					"$(inherited)",
				);
				GCC_WARN_64_TO_32_BIT_CONVERSION = YES;
				GCC_WARN_ABOUT_RETURN_TYPE = YES_ERROR;
				GCC_WARN_UNDECLARED_SELECTOR = YES;
				GCC_WARN_UNINITIALIZED_AUTOS = YES_AGGRESSIVE;
				GCC_WARN_UNUSED_FUNCTION = YES;
				GCC_WARN_UNUSED_VARIABLE = YES;
				IPHONEOS_DEPLOYMENT_TARGET = 12.1;
				MTL_ENABLE_DEBUG_INFO = INCLUDE_SOURCE;
				MTL_FAST_MATH = YES;
				ONLY_ACTIVE_ARCH = YES;
				SDKROOT = iphoneos;
				SWIFT_ACTIVE_COMPILATION_CONDITIONS = DEBUG;
				SWIFT_OPTIMIZATION_LEVEL = "-Onone";
			};
			name = Debug;
		};
		70B6798D21A1801300C39960 /* Release */ = {
			isa = XCBuildConfiguration;
			buildSettings = {
				ALWAYS_SEARCH_USER_PATHS = NO;
				CLANG_ANALYZER_NONNULL = YES;
				CLANG_ANALYZER_NUMBER_OBJECT_CONVERSION = YES_AGGRESSIVE;
				CLANG_CXX_LANGUAGE_STANDARD = "gnu++14";
				CLANG_CXX_LIBRARY = "libc++";
				CLANG_ENABLE_MODULES = YES;
				CLANG_ENABLE_OBJC_ARC = YES;
				CLANG_ENABLE_OBJC_WEAK = YES;
				CLANG_WARN_BLOCK_CAPTURE_AUTORELEASING = YES;
				CLANG_WARN_BOOL_CONVERSION = YES;
				CLANG_WARN_COMMA = YES;
				CLANG_WARN_CONSTANT_CONVERSION = YES;
				CLANG_WARN_DEPRECATED_OBJC_IMPLEMENTATIONS = YES;
				CLANG_WARN_DIRECT_OBJC_ISA_USAGE = YES_ERROR;
				CLANG_WARN_DOCUMENTATION_COMMENTS = YES;
				CLANG_WARN_EMPTY_BODY = YES;
				CLANG_WARN_ENUM_CONVERSION = YES;
				CLANG_WARN_INFINITE_RECURSION = YES;
				CLANG_WARN_INT_CONVERSION = YES;
				CLANG_WARN_NON_LITERAL_NULL_CONVERSION = YES;
				CLANG_WARN_OBJC_IMPLICIT_RETAIN_SELF = YES;
				CLANG_WARN_OBJC_LITERAL_CONVERSION = YES;
				CLANG_WARN_OBJC_ROOT_CLASS = YES_ERROR;
				CLANG_WARN_RANGE_LOOP_ANALYSIS = YES;
				CLANG_WARN_STRICT_PROTOTYPES = YES;
				CLANG_WARN_SUSPICIOUS_MOVE = YES;
				CLANG_WARN_UNGUARDED_AVAILABILITY = YES_AGGRESSIVE;
				CLANG_WARN_UNREACHABLE_CODE = YES;
				CLANG_WARN__DUPLICATE_METHOD_MATCH = YES;
				CODE_SIGN_IDENTITY = "iPhone Developer";
				COPY_PHASE_STRIP = NO;
				DEBUG_INFORMATION_FORMAT = "dwarf-with-dsym";
				ENABLE_NS_ASSERTIONS = NO;
				ENABLE_STRICT_OBJC_MSGSEND = YES;
				GCC_C_LANGUAGE_STANDARD = gnu11;
				GCC_NO_COMMON_BLOCKS = YES;
				GCC_WARN_64_TO_32_BIT_CONVERSION = YES;
				GCC_WARN_ABOUT_RETURN_TYPE = YES_ERROR;
				GCC_WARN_UNDECLARED_SELECTOR = YES;
				GCC_WARN_UNINITIALIZED_AUTOS = YES_AGGRESSIVE;
				GCC_WARN_UNUSED_FUNCTION = YES;
				GCC_WARN_UNUSED_VARIABLE = YES;
				IPHONEOS_DEPLOYMENT_TARGET = 12.1;
				MTL_ENABLE_DEBUG_INFO = NO;
				MTL_FAST_MATH = YES;
				SDKROOT = iphoneos;
				SWIFT_COMPILATION_MODE = wholemodule;
				SWIFT_OPTIMIZATION_LEVEL = "-O";
				VALIDATE_PRODUCT = YES;
			};
			name = Release;
		};
		70B6798F21A1801300C39960 /* Debug */ = {
			isa = XCBuildConfiguration;
			baseConfigurationReference = D0311915E699C25EFF05D76C /* Pods-ItHappened.debug.xcconfig */;
			buildSettings = {
				ASSETCATALOG_COMPILER_APPICON_NAME = AppIcon;
				CODE_SIGN_STYLE = Automatic;
				DEVELOPMENT_TEAM = "";
				INFOPLIST_FILE = ItHappened/Info.plist;
				LD_RUNPATH_SEARCH_PATHS = (
					"$(inherited)",
					"@executable_path/Frameworks",
				);
				PRODUCT_BUNDLE_IDENTIFIER = com.example..ItHappened;
				PRODUCT_NAME = "$(TARGET_NAME)";
				SWIFT_VERSION = 4.2;
				TARGETED_DEVICE_FAMILY = "1,2";
			};
			name = Debug;
		};
		70B6799021A1801300C39960 /* Release */ = {
			isa = XCBuildConfiguration;
			baseConfigurationReference = 51473DE853936DCFBD792A08 /* Pods-ItHappened.release.xcconfig */;
			buildSettings = {
				ASSETCATALOG_COMPILER_APPICON_NAME = AppIcon;
				CODE_SIGN_STYLE = Automatic;
				DEVELOPMENT_TEAM = "";
				INFOPLIST_FILE = ItHappened/Info.plist;
				LD_RUNPATH_SEARCH_PATHS = (
					"$(inherited)",
					"@executable_path/Frameworks",
				);
				PRODUCT_BUNDLE_IDENTIFIER = com.example..ItHappened;
				PRODUCT_NAME = "$(TARGET_NAME)";
				SWIFT_VERSION = 4.2;
				TARGETED_DEVICE_FAMILY = "1,2";
			};
			name = Release;
		};
		70B6799221A1801300C39960 /* Debug */ = {
			isa = XCBuildConfiguration;
			baseConfigurationReference = D7AFCA5073F2DA6DB9814BFF /* Pods-ItHappenedTests.debug.xcconfig */;
			buildSettings = {
				ALWAYS_EMBED_SWIFT_STANDARD_LIBRARIES = YES;
				BUNDLE_LOADER = "$(TEST_HOST)";
				CODE_SIGN_STYLE = Automatic;
				INFOPLIST_FILE = ItHappenedTests/Info.plist;
				LD_RUNPATH_SEARCH_PATHS = (
					"$(inherited)",
					"@executable_path/Frameworks",
					"@loader_path/Frameworks",
				);
				PRODUCT_BUNDLE_IDENTIFIER = com.example..ItHappenedTests;
				PRODUCT_NAME = "$(TARGET_NAME)";
				SWIFT_VERSION = 4.2;
				TARGETED_DEVICE_FAMILY = "1,2";
				TEST_HOST = "$(BUILT_PRODUCTS_DIR)/ItHappened.app/ItHappened";
			};
			name = Debug;
		};
		70B6799321A1801300C39960 /* Release */ = {
			isa = XCBuildConfiguration;
			baseConfigurationReference = F13828A9E2FE0DDB8ADF400B /* Pods-ItHappenedTests.release.xcconfig */;
			buildSettings = {
				ALWAYS_EMBED_SWIFT_STANDARD_LIBRARIES = YES;
				BUNDLE_LOADER = "$(TEST_HOST)";
				CODE_SIGN_STYLE = Automatic;
				INFOPLIST_FILE = ItHappenedTests/Info.plist;
				LD_RUNPATH_SEARCH_PATHS = (
					"$(inherited)",
					"@executable_path/Frameworks",
					"@loader_path/Frameworks",
				);
				PRODUCT_BUNDLE_IDENTIFIER = com.example..ItHappenedTests;
				PRODUCT_NAME = "$(TARGET_NAME)";
				SWIFT_VERSION = 4.2;
				TARGETED_DEVICE_FAMILY = "1,2";
				TEST_HOST = "$(BUILT_PRODUCTS_DIR)/ItHappened.app/ItHappened";
			};
			name = Release;
		};
		70B6799521A1801300C39960 /* Debug */ = {
			isa = XCBuildConfiguration;
			baseConfigurationReference = C0604367008DAA302ADE5E97 /* Pods-ItHappenedUITests.debug.xcconfig */;
			buildSettings = {
				ALWAYS_EMBED_SWIFT_STANDARD_LIBRARIES = YES;
				CODE_SIGN_STYLE = Automatic;
				INFOPLIST_FILE = ItHappenedUITests/Info.plist;
				LD_RUNPATH_SEARCH_PATHS = (
					"$(inherited)",
					"@executable_path/Frameworks",
					"@loader_path/Frameworks",
				);
				PRODUCT_BUNDLE_IDENTIFIER = com.example..ItHappenedUITests;
				PRODUCT_NAME = "$(TARGET_NAME)";
				SWIFT_VERSION = 4.2;
				TARGETED_DEVICE_FAMILY = "1,2";
				TEST_TARGET_NAME = ItHappened;
			};
			name = Debug;
		};
		70B6799621A1801300C39960 /* Release */ = {
			isa = XCBuildConfiguration;
			baseConfigurationReference = 2A6E570CB71EF9B4CF63AF88 /* Pods-ItHappenedUITests.release.xcconfig */;
			buildSettings = {
				ALWAYS_EMBED_SWIFT_STANDARD_LIBRARIES = YES;
				CODE_SIGN_STYLE = Automatic;
				INFOPLIST_FILE = ItHappenedUITests/Info.plist;
				LD_RUNPATH_SEARCH_PATHS = (
					"$(inherited)",
					"@executable_path/Frameworks",
					"@loader_path/Frameworks",
				);
				PRODUCT_BUNDLE_IDENTIFIER = com.example..ItHappenedUITests;
				PRODUCT_NAME = "$(TARGET_NAME)";
				SWIFT_VERSION = 4.2;
				TARGETED_DEVICE_FAMILY = "1,2";
				TEST_TARGET_NAME = ItHappened;
			};
			name = Release;
		};
/* End XCBuildConfiguration section */

/* Begin XCConfigurationList section */
		70B6796121A1801200C39960 /* Build configuration list for PBXProject "ItHappened" */ = {
			isa = XCConfigurationList;
			buildConfigurations = (
				70B6798C21A1801300C39960 /* Debug */,
				70B6798D21A1801300C39960 /* Release */,
			);
			defaultConfigurationIsVisible = 0;
			defaultConfigurationName = Release;
		};
		70B6798E21A1801300C39960 /* Build configuration list for PBXNativeTarget "ItHappened" */ = {
			isa = XCConfigurationList;
			buildConfigurations = (
				70B6798F21A1801300C39960 /* Debug */,
				70B6799021A1801300C39960 /* Release */,
			);
			defaultConfigurationIsVisible = 0;
			defaultConfigurationName = Release;
		};
		70B6799121A1801300C39960 /* Build configuration list for PBXNativeTarget "ItHappenedTests" */ = {
			isa = XCConfigurationList;
			buildConfigurations = (
				70B6799221A1801300C39960 /* Debug */,
				70B6799321A1801300C39960 /* Release */,
			);
			defaultConfigurationIsVisible = 0;
			defaultConfigurationName = Release;
		};
		70B6799421A1801300C39960 /* Build configuration list for PBXNativeTarget "ItHappenedUITests" */ = {
			isa = XCConfigurationList;
			buildConfigurations = (
				70B6799521A1801300C39960 /* Debug */,
				70B6799621A1801300C39960 /* Release */,
			);
			defaultConfigurationIsVisible = 0;
			defaultConfigurationName = Release;
		};
/* End XCConfigurationList section */
	};
	rootObject = 70B6795E21A1801200C39960 /* Project object */;
}
